Microsoft Visual Studio Solution File, Format Version 12.00
# Visual Studio Version 17
VisualStudioVersion = 17.5.2.0
MinimumVisualStudioVersion = 10.0.40219.1
Project("{2150E333-8FDC-42A3-9474-1A3956D46DE8}") = "lab-files", "lab-files", "{6AFEB440-A1E5-36E9-DCB7-F3E5F8609905}"
EndProject
Project("{2150E333-8FDC-42A3-9474-1A3956D46DE8}") = "mslearn-ai-document-intelligence-main", "mslearn-ai-document-intelligence-main", "{77579C41-984D-DFC3-9D02-CA47B390B0F2}"
EndProject
Project("{2150E333-8FDC-42A3-9474-1A3956D46DE8}") = "Labfiles", "Labfiles", "{14E90F55-8F9F-9864-F5D1-6769E3DF279F}"
EndProject
Project("{2150E333-8FDC-42A3-9474-1A3956D46DE8}") = "02-custom-document-intelligence", "02-custom-document-intelligence", "{970FCE80-3A78-D47E-B27E-76AFDCF28153}"
EndProject
Project("{FAE04EC0-301F-11D3-BF4B-00C04F79EFBC}") = "test-model", "lab-files\mslearn-ai-document-intelligence-main\Labfiles\02-custom-document-intelligence\C-Sharp\test-model.csproj", "{A47D0216-D7F9-97C4-3BAD-4503877D05D1}"
EndProject
Project("{2150E333-8FDC-42A3-9474-1A3956D46DE8}") = "01-prebuild-models", "01-prebuild-models", "{99759C96-5CB6-746A-4D53-206A7D4DE6BF}"
EndProject
Project("{FAE04EC0-301F-11D3-BF4B-00C04F79EFBC}") = "invoicereader", "lab-files\mslearn-ai-document-intelligence-main\Labfiles\01-prebuild-models\CSharp\invoicereader.csproj", "{E0ABBB75-9DC0-2EBC-9BA0-5B2B0523E900}"
EndProject
Project("{2150E333-8FDC-42A3-9474-1A3956D46DE8}") = "mslearn-ai-services-main", "mslearn-ai-services-main", "{844B24BD-5482-E8AD-CB45-E2D55DA0A281}"
EndProject
Project("{2150E333-8FDC-42A3-9474-1A3956D46DE8}") = "Labfiles", "Labfiles", "{77137490-398F-BD95-8B30-B4F8C0C7183B}"
EndProject
Project("{2150E333-8FDC-42A3-9474-1A3956D46DE8}") = "05-implement-content-safety", "05-implement-content-safety", "{79C0968C-93FB-5982-56C7-356046E76B85}"
EndProject
Project("{FAE04EC0-301F-11D3-BF4B-00C04F79EFBC}") = "prompt_shield", "lab-files\mslearn-ai-services-main\Labfiles\05-implement-content-safety\C-Sharp\prompt_shield.csproj", "{C227EF4C-202B-7EC1-3C31-4C9C9B730222}"
EndProject
Project("{2150E333-8FDC-42A3-9474-1A3956D46DE8}") = "mslearn-knowledge-mining-main", "mslearn-knowledge-mining-main", "{821D3ED4-8391-7CEE-6614-F7C1E063D30D}"
EndProject
Project("{2150E333-8FDC-42A3-9474-1A3956D46DE8}") = "Labfiles", "Labfiles", "{1B18914A-E34D-E1F7-E728-9D27965B4B95}"
EndProject
Project("{2150E333-8FDC-42A3-9474-1A3956D46DE8}") = "07-exercise-add-to-index-use-push-api", "07-exercise-add-to-index-use-push-api", "{2138AF0F-4A8A-4B04-7A4B-B1378341E257}"
EndProject
Project("{FAE04EC0-301F-11D3-BF4B-00C04F79EFBC}") = "OptimizeDataIndexing", "lab-files\mslearn-knowledge-mining-main\Labfiles\07-exercise-add-to-index-use-push-api\OptimizeDataIndexing\OptimizeDataIndexing.csproj", "{0E1AD71B-5998-9530-FFE6-D71750BE5FC1}"
EndProject
Project("{2150E333-8FDC-42A3-9474-1A3956D46DE8}") = "mslearn-openai-main", "mslearn-openai-main", "{ECF4FB21-E5B1-6891-0BFF-35483CFF68C4}"
EndProject
Project("{2150E333-8FDC-42A3-9474-1A3956D46DE8}") = "Labfiles", "Labfiles", "{E1223476-0F9C-6FE2-BA39-C46443EF68CA}"
EndProject
Project("{2150E333-8FDC-42A3-9474-1A3956D46DE8}") = "02-use-own-data", "02-use-own-data", "{FA548732-EBCF-CAA5-6524-CC2B43F20EB5}"
EndProject
Project("{FAE04EC0-301F-11D3-BF4B-00C04F79EFBC}") = "CSharp", "lab-files\mslearn-openai-main\Labfiles\02-use-own-data\CSharp\CSharp.csproj", "{38170AC4-B1F4-7938-A236-CA2FD140FD0B}"
EndProject
Project("{2150E333-8FDC-42A3-9474-1A3956D46DE8}") = "01-app-develop", "01-app-develop", "{8F7599C4-2B5A-933E-13D6-50D9CB1F603C}"
EndProject
Project("{FAE04EC0-301F-11D3-BF4B-00C04F79EFBC}") = "CSharp", "lab-files\mslearn-openai-main\Labfiles\01-app-develop\CSharp\CSharp.csproj", "{B2592668-DFB8-08E7-C2E8-CC7C9990E2A3}"
EndProject
Project("{2150E333-8FDC-42A3-9474-1A3956D46DE8}") = "01-use-azure-ai-services", "01-use-azure-ai-services", "{2A18D993-4DB3-10D4-7918-04A9E99FF36D}"
EndProject
Project("{2150E333-8FDC-42A3-9474-1A3956D46DE8}") = "C-Sharp", "C-Sharp", "{E5F7FBA9-CBF6-3AE9-C0CD-AEE7E13B18CF}"
EndProject
Project("{FAE04EC0-301F-11D3-BF4B-00C04F79EFBC}") = "rest_client", "lab-files\mslearn-ai-services-main\Labfiles\01-use-azure-ai-services\C-Sharp\rest-client\rest_client.csproj", "{8B2DC386-1BAC-09B9-FEF3-6394E147B7D0}"
EndProject
Project("{FAE04EC0-301F-11D3-BF4B-00C04F79EFBC}") = "sdk-client", "lab-files\mslearn-ai-services-main\Labfiles\01-use-azure-ai-services\C-Sharp\sdk-client\sdk-client.csproj", "{C653A9C0-1432-A20F-AC04-874171648D2A}"
EndProject
Project("{2150E333-8FDC-42A3-9474-1A3956D46DE8}") = "02-ai-services-security", "02-ai-services-security", "{E66D6ED6-A030-E12E-DF91-ACEF7E32F5A5}"
EndProject
Project("{2150E333-8FDC-42A3-9474-1A3956D46DE8}") = "C-Sharp", "C-Sharp", "{2FA52F6B-D90C-BF03-D9C4-30F65A902D3C}"
EndProject
Project("{FAE04EC0-301F-11D3-BF4B-00C04F79EFBC}") = "keyvault_client", "lab-files\mslearn-ai-services-main\Labfiles\02-ai-services-security\C-Sharp\keyvault_client\keyvault_client.csproj", "{ACCE8D7C-8DED-95DB-4361-B70750456E74}"
EndProject
Project("{2150E333-8FDC-42A3-9474-1A3956D46DE8}") = "01-azure-search", "01-azure-search", "{7586E390-3BF2-1889-DA55-D063427267B8}"
EndProject
Project("{2150E333-8FDC-42A3-9474-1A3956D46DE8}") = "C-Sharp", "C-Sharp", "{946D3736-D503-38FC-EE24-BFA165F0C36E}"
EndProject
Project("{FAE04EC0-301F-11D3-BF4B-00C04F79EFBC}") = "search-client", "lab-files\mslearn-knowledge-mining-main\Labfiles\01-azure-search\C-Sharp\margies-travel\search-client.csproj", "{131D4611-53D8-F100-4B25-EF51D71F0BAF}"
EndProject
Global
	GlobalSection(SolutionConfigurationPlatforms) = preSolution
		Debug|Any CPU = Debug|Any CPU
		Release|Any CPU = Release|Any CPU
	EndGlobalSection
	GlobalSection(ProjectConfigurationPlatforms) = postSolution
		{A47D0216-D7F9-97C4-3BAD-4503877D05D1}.Debug|Any CPU.ActiveCfg = Debug|Any CPU
		{A47D0216-D7F9-97C4-3BAD-4503877D05D1}.Debug|Any CPU.Build.0 = Debug|Any CPU
		{A47D0216-D7F9-97C4-3BAD-4503877D05D1}.Release|Any CPU.ActiveCfg = Release|Any CPU
		{A47D0216-D7F9-97C4-3BAD-4503877D05D1}.Release|Any CPU.Build.0 = Release|Any CPU
		{E0ABBB75-9DC0-2EBC-9BA0-5B2B0523E900}.Debug|Any CPU.ActiveCfg = Debug|Any CPU
		{E0ABBB75-9DC0-2EBC-9BA0-5B2B0523E900}.Debug|Any CPU.Build.0 = Debug|Any CPU
		{E0ABBB75-9DC0-2EBC-9BA0-5B2B0523E900}.Release|Any CPU.ActiveCfg = Release|Any CPU
		{E0ABBB75-9DC0-2EBC-9BA0-5B2B0523E900}.Release|Any CPU.Build.0 = Release|Any CPU
		{C227EF4C-202B-7EC1-3C31-4C9C9B730222}.Debug|Any CPU.ActiveCfg = Debug|Any CPU
		{C227EF4C-202B-7EC1-3C31-4C9C9B730222}.Debug|Any CPU.Build.0 = Debug|Any CPU
		{C227EF4C-202B-7EC1-3C31-4C9C9B730222}.Release|Any CPU.ActiveCfg = Release|Any CPU
		{C227EF4C-202B-7EC1-3C31-4C9C9B730222}.Release|Any CPU.Build.0 = Release|Any CPU
		{0E1AD71B-5998-9530-FFE6-D71750BE5FC1}.Debug|Any CPU.ActiveCfg = Debug|Any CPU
		{0E1AD71B-5998-9530-FFE6-D71750BE5FC1}.Debug|Any CPU.Build.0 = Debug|Any CPU
		{0E1AD71B-5998-9530-FFE6-D71750BE5FC1}.Release|Any CPU.ActiveCfg = Release|Any CPU
		{0E1AD71B-5998-9530-FFE6-D71750BE5FC1}.Release|Any CPU.Build.0 = Release|Any CPU
		{38170AC4-B1F4-7938-A236-CA2FD140FD0B}.Debug|Any CPU.ActiveCfg = Debug|Any CPU
		{38170AC4-B1F4-7938-A236-CA2FD140FD0B}.Debug|Any CPU.Build.0 = Debug|Any CPU
		{38170AC4-B1F4-7938-A236-CA2FD140FD0B}.Release|Any CPU.ActiveCfg = Release|Any CPU
		{38170AC4-B1F4-7938-A236-CA2FD140FD0B}.Release|Any CPU.Build.0 = Release|Any CPU
		{B2592668-DFB8-08E7-C2E8-CC7C9990E2A3}.Debug|Any CPU.ActiveCfg = Debug|Any CPU
		{B2592668-DFB8-08E7-C2E8-CC7C9990E2A3}.Debug|Any CPU.Build.0 = Debug|Any CPU
		{B2592668-DFB8-08E7-C2E8-CC7C9990E2A3}.Release|Any CPU.ActiveCfg = Release|Any CPU
		{B2592668-DFB8-08E7-C2E8-CC7C9990E2A3}.Release|Any CPU.Build.0 = Release|Any CPU
		{8B2DC386-1BAC-09B9-FEF3-6394E147B7D0}.Debug|Any CPU.ActiveCfg = Debug|Any CPU
		{8B2DC386-1BAC-09B9-FEF3-6394E147B7D0}.Debug|Any CPU.Build.0 = Debug|Any CPU
		{8B2DC386-1BAC-09B9-FEF3-6394E147B7D0}.Release|Any CPU.ActiveCfg = Release|Any CPU
		{8B2DC386-1BAC-09B9-FEF3-6394E147B7D0}.Release|Any CPU.Build.0 = Release|Any CPU
		{C653A9C0-1432-A20F-AC04-874171648D2A}.Debug|Any CPU.ActiveCfg = Debug|Any CPU
		{C653A9C0-1432-A20F-AC04-874171648D2A}.Debug|Any CPU.Build.0 = Debug|Any CPU
		{C653A9C0-1432-A20F-AC04-874171648D2A}.Release|Any CPU.ActiveCfg = Release|Any CPU
		{C653A9C0-1432-A20F-AC04-874171648D2A}.Release|Any CPU.Build.0 = Release|Any CPU
		{ACCE8D7C-8DED-95DB-4361-B70750456E74}.Debug|Any CPU.ActiveCfg = Debug|Any CPU
		{ACCE8D7C-8DED-95DB-4361-B70750456E74}.Debug|Any CPU.Build.0 = Debug|Any CPU
		{ACCE8D7C-8DED-95DB-4361-B70750456E74}.Release|Any CPU.ActiveCfg = Release|Any CPU
		{ACCE8D7C-8DED-95DB-4361-B70750456E74}.Release|Any CPU.Build.0 = Release|Any CPU
		{131D4611-53D8-F100-4B25-EF51D71F0BAF}.Debug|Any CPU.ActiveCfg = Debug|Any CPU
		{131D4611-53D8-F100-4B25-EF51D71F0BAF}.Debug|Any CPU.Build.0 = Debug|Any CPU
		{131D4611-53D8-F100-4B25-EF51D71F0BAF}.Release|Any CPU.ActiveCfg = Release|Any CPU
		{131D4611-53D8-F100-4B25-EF51D71F0BAF}.Release|Any CPU.Build.0 = Release|Any CPU
	EndGlobalSection
	GlobalSection(SolutionProperties) = preSolution
		HideSolutionNode = FALSE
	EndGlobalSection
	GlobalSection(NestedProjects) = preSolution
		{77579C41-984D-DFC3-9D02-CA47B390B0F2} = {6AFEB440-A1E5-36E9-DCB7-F3E5F8609905}
		{14E90F55-8F9F-9864-F5D1-6769E3DF279F} = {77579C41-984D-DFC3-9D02-CA47B390B0F2}
		{970FCE80-3A78-D47E-B27E-76AFDCF28153} = {14E90F55-8F9F-9864-F5D1-6769E3DF279F}
		{A47D0216-D7F9-97C4-3BAD-4503877D05D1} = {970FCE80-3A78-D47E-B27E-76AFDCF28153}
		{99759C96-5CB6-746A-4D53-206A7D4DE6BF} = {14E90F55-8F9F-9864-F5D1-6769E3DF279F}
		{E0ABBB75-9DC0-2EBC-9BA0-5B2B0523E900} = {99759C96-5CB6-746A-4D53-206A7D4DE6BF}
		{844B24BD-5482-E8AD-CB45-E2D55DA0A281} = {6AFEB440-A1E5-36E9-DCB7-F3E5F8609905}
		{77137490-398F-BD95-8B30-B4F8C0C7183B} = {844B24BD-5482-E8AD-CB45-E2D55DA0A281}
		{79C0968C-93FB-5982-56C7-356046E76B85} = {77137490-398F-BD95-8B30-B4F8C0C7183B}
		{C227EF4C-202B-7EC1-3C31-4C9C9B730222} = {79C0968C-93FB-5982-56C7-356046E76B85}
		{821D3ED4-8391-7CEE-6614-F7C1E063D30D} = {6AFEB440-A1E5-36E9-DCB7-F3E5F8609905}
		{1B18914A-E34D-E1F7-E728-9D27965B4B95} = {821D3ED4-8391-7CEE-6614-F7C1E063D30D}
		{2138AF0F-4A8A-4B04-7A4B-B1378341E257} = {1B18914A-E34D-E1F7-E728-9D27965B4B95}
		{0E1AD71B-5998-9530-FFE6-D71750BE5FC1} = {2138AF0F-4A8A-4B04-7A4B-B1378341E257}
		{ECF4FB21-E5B1-6891-0BFF-35483CFF68C4} = {6AFEB440-A1E5-36E9-DCB7-F3E5F8609905}
		{E1223476-0F9C-6FE2-BA39-C46443EF68CA} = {ECF4FB21-E5B1-6891-0BFF-35483CFF68C4}
		{FA548732-EBCF-CAA5-6524-CC2B43F20EB5} = {E1223476-0F9C-6FE2-BA39-C46443EF68CA}
		{38170AC4-B1F4-7938-A236-CA2FD140FD0B} = {FA548732-EBCF-CAA5-6524-CC2B43F20EB5}
		{8F7599C4-2B5A-933E-13D6-50D9CB1F603C} = {E1223476-0F9C-6FE2-BA39-C46443EF68CA}
		{B2592668-DFB8-08E7-C2E8-CC7C9990E2A3} = {8F7599C4-2B5A-933E-13D6-50D9CB1F603C}
		{2A18D993-4DB3-10D4-7918-04A9E99FF36D} = {77137490-398F-BD95-8B30-B4F8C0C7183B}
		{E5F7FBA9-CBF6-3AE9-C0CD-AEE7E13B18CF} = {2A18D993-4DB3-10D4-7918-04A9E99FF36D}
		{8B2DC386-1BAC-09B9-FEF3-6394E147B7D0} = {E5F7FBA9-CBF6-3AE9-C0CD-AEE7E13B18CF}
		{C653A9C0-1432-A20F-AC04-874171648D2A} = {E5F7FBA9-CBF6-3AE9-C0CD-AEE7E13B18CF}
		{E66D6ED6-A030-E12E-DF91-ACEF7E32F5A5} = {77137490-398F-BD95-8B30-B4F8C0C7183B}
		{2FA52F6B-D90C-BF03-D9C4-30F65A902D3C} = {E66D6ED6-A030-E12E-DF91-ACEF7E32F5A5}
		{ACCE8D7C-8DED-95DB-4361-B70750456E74} = {2FA52F6B-D90C-BF03-D9C4-30F65A902D3C}
		{7586E390-3BF2-1889-DA55-D063427267B8} = {1B18914A-E34D-E1F7-E728-9D27965B4B95}
		{946D3736-D503-38FC-EE24-BFA165F0C36E} = {7586E390-3BF2-1889-DA55-D063427267B8}
		{131D4611-53D8-F100-4B25-EF51D71F0BAF} = {946D3736-D503-38FC-EE24-BFA165F0C36E}
	EndGlobalSection
	GlobalSection(ExtensibilityGlobals) = postSolution
		SolutionGuid = {E63A9868-05E1-43B2-94E9-93C1C2C754CA}
	EndGlobalSection
EndGlobal
